
Microsoft Visual Studio Solution File, Format Version 12.00
# Visual Studio Version 16
VisualStudioVersion = 16.0.31702.278
MinimumVisualStudioVersion = 10.0.40219.1
Project("{FAE04EC0-301F-11D3-BF4B-00C04F79EFBC}") = "Proiect", "Proiect\Proiect.csproj", "{2A44384F-8493-4FBA-AAD9-16387BD737FC}"
EndProject
Global
	GlobalSection(SolutionConfigurationPlatforms) = preSolution
		Debug|Any CPU = Debug|Any CPU
		Release|Any CPU = Release|Any CPU
	EndGlobalSection
	GlobalSection(ProjectConfigurationPlatforms) = postSolution
		{2A44384F-8493-4FBA-AAD9-16387BD737FC}.Debug|Any CPU.ActiveCfg = Debug|Any CPU
		{2A44384F-8493-4FBA-AAD9-16387BD737FC}.Debug|Any CPU.Build.0 = Debug|Any CPU
		{2A44384F-8493-4FBA-AAD9-16387BD737FC}.Release|Any CPU.ActiveCfg = Release|Any CPU
		{2A44384F-8493-4FBA-AAD9-16387BD737FC}.Release|Any CPU.Build.0 = Release|Any CPU
	EndGlobalSection
	GlobalSection(SolutionProperties) = preSolution
		HideSolutionNode = FALSE
	EndGlobalSection
	GlobalSection(ExtensibilityGlobals) = postSolution
		SolutionGuid = {44E317F7-C169-4D3A-8091-D04C4C5DE16E}
	EndGlobalSection
EndGlobal
